// !$*UTF8*$!
{
	archiveVersion = 1;
	classes = {
	};
	objectVersion = 55;
	objects = {

/* Begin PBXBuildFile section */
		2D072B0B27E373E800121941 /* CurrencyFormatterTests.swift in Sources */ = {isa = PBXBuildFile; fileRef = 2D072B0A27E373E800121941 /* CurrencyFormatterTests.swift */; };
		2D072B0E27E3936100121941 /* AppTitleView.swift in Sources */ = {isa = PBXBuildFile; fileRef = 2D072B0D27E3936100121941 /* AppTitleView.swift */; };
		2D13399727E56C2500F5C0B0 /* ShakeyBellView.swift in Sources */ = {isa = PBXBuildFile; fileRef = 2D13399627E56C2500F5C0B0 /* ShakeyBellView.swift */; };
		2D25BB6527DE8F3E00876FA3 /* LoginView.swift in Sources */ = {isa = PBXBuildFile; fileRef = 2D25BB6427DE8F3E00876FA3 /* LoginView.swift */; };
		2D3D11B027DE8B100024817C /* AppDelegate.swift in Sources */ = {isa = PBXBuildFile; fileRef = 2D3D11AF27DE8B100024817C /* AppDelegate.swift */; };
		2D3D11B427DE8B100024817C /* LoginViewController.swift in Sources */ = {isa = PBXBuildFile; fileRef = 2D3D11B327DE8B100024817C /* LoginViewController.swift */; };
		2D3D11B927DE8B100024817C /* Assets.xcassets in Resources */ = {isa = PBXBuildFile; fileRef = 2D3D11B827DE8B100024817C /* Assets.xcassets */; };
		2D3D11BC27DE8B100024817C /* LaunchScreen.storyboard in Resources */ = {isa = PBXBuildFile; fileRef = 2D3D11BA27DE8B100024817C /* LaunchScreen.storyboard */; };
		2D43F94927DF9E05003D4C0C /* OnboardingContainerViewController.swift in Sources */ = {isa = PBXBuildFile; fileRef = 2D43F94827DF9E05003D4C0C /* OnboardingContainerViewController.swift */; };
		2D43F94F27DFB71B003D4C0C /* OnboardingViewController.swift in Sources */ = {isa = PBXBuildFile; fileRef = 2D43F94E27DFB71B003D4C0C /* OnboardingViewController.swift */; };
		2D43F95227DFBFCC003D4C0C /* K.swift in Sources */ = {isa = PBXBuildFile; fileRef = 2D43F95127DFBFCC003D4C0C /* K.swift */; };
		2D447D4327E74F9A00571EEB /* SkeletonLoadable.swift in Sources */ = {isa = PBXBuildFile; fileRef = 2D447D4227E74F9A00571EEB /* SkeletonLoadable.swift */; };
		2D447D4627E751DB00571EEB /* SkeletonCell.swift in Sources */ = {isa = PBXBuildFile; fileRef = 2D447D4527E751DB00571EEB /* SkeletonCell.swift */; };
		2D4911E627E4C3710093478E /* LoginButton.swift in Sources */ = {isa = PBXBuildFile; fileRef = 2D4911E527E4C3710093478E /* LoginButton.swift */; };
		2D61FA5F27E0E484006355D6 /* UIViewController + Ext.swift in Sources */ = {isa = PBXBuildFile; fileRef = 2D61FA5E27E0E484006355D6 /* UIViewController + Ext.swift */; };
		2D61FA6127E0E759006355D6 /* MainViewController.swift in Sources */ = {isa = PBXBuildFile; fileRef = 2D61FA6027E0E759006355D6 /* MainViewController.swift */; };
		2D69037A27E3A53C00F8F7E8 /* NSNotificationName.swift in Sources */ = {isa = PBXBuildFile; fileRef = 2D69037927E3A53C00F8F7E8 /* NSNotificationName.swift */; };
		2D69037C27E3ABD700F8F7E8 /* UItextfield+SecureToggle.swift in Sources */ = {isa = PBXBuildFile; fileRef = 2D69037B27E3ABD700F8F7E8 /* UItextfield+SecureToggle.swift */; };
		2D926EAB27E254A0006090EC /* String+Ext.swift in Sources */ = {isa = PBXBuildFile; fileRef = 2D926EAA27E254A0006090EC /* String+Ext.swift */; };
		2D926EAD27E29DD4006090EC /* Decimal+Ext.swift in Sources */ = {isa = PBXBuildFile; fileRef = 2D926EAC27E29DD4006090EC /* Decimal+Ext.swift */; };
		2D926EAF27E2A1FD006090EC /* CurrencyFormatter.swift in Sources */ = {isa = PBXBuildFile; fileRef = 2D926EAE27E2A1FD006090EC /* CurrencyFormatter.swift */; };
		2DAEC09027E0FBF500C19367 /* AccountSummaryViewController.swift in Sources */ = {isa = PBXBuildFile; fileRef = 2DAEC08F27E0FBF500C19367 /* AccountSummaryViewController.swift */; };
		2DAEC09227E0FE1000C19367 /* AccountSummaryHeaderView.swift in Sources */ = {isa = PBXBuildFile; fileRef = 2DAEC09127E0FE1000C19367 /* AccountSummaryHeaderView.swift */; };
		2DAEC09427E0FE3500C19367 /* AccountSummaryHeaderView.xib in Resources */ = {isa = PBXBuildFile; fileRef = 2DAEC09327E0FE3500C19367 /* AccountSummaryHeaderView.xib */; };
		2DD355A227E6232A00800A8F /* Date+Ext.swift in Sources */ = {isa = PBXBuildFile; fileRef = 2DD355A127E6232A00800A8F /* Date+Ext.swift */; };
		2DD355A427E6250E00800A8F /* AccountSummaryViewController+Networking.swift in Sources */ = {isa = PBXBuildFile; fileRef = 2DD355A327E6250E00800A8F /* AccountSummaryViewController+Networking.swift */; };
		2DDAAC7B27E02033006639E6 /* LocalState.swift in Sources */ = {isa = PBXBuildFile; fileRef = 2DDAAC7A27E02033006639E6 /* LocalState.swift */; };
		2DE30B4E27E6351C00F01BD1 /* AccountSummaryCell + Netowkring.swift in Sources */ = {isa = PBXBuildFile; fileRef = 2DE30B4D27E6351C00F01BD1 /* AccountSummaryCell + Netowkring.swift */; };
		2DE30B5227E6647A00F01BD1 /* ProfileTests.swift in Sources */ = {isa = PBXBuildFile; fileRef = 2DE30B5127E6647A00F01BD1 /* ProfileTests.swift */; };
		2DE30B5627E66EA200F01BD1 /* AccountTests.swift in Sources */ = {isa = PBXBuildFile; fileRef = 2DE30B5527E66EA200F01BD1 /* AccountTests.swift */; };
		2DF1738E27E1112B0012537C /* AccountSummaryCell.swift in Sources */ = {isa = PBXBuildFile; fileRef = 2DF1738D27E1112B0012537C /* AccountSummaryCell.swift */; };
/* End PBXBuildFile section */

/* Begin PBXContainerItemProxy section */
		2D926EB827E2B75C006090EC /* PBXContainerItemProxy */ = {
			isa = PBXContainerItemProxy;
			containerPortal = 2D3D11A427DE8B100024817C /* Project object */;
			proxyType = 1;
			remoteGlobalIDString = 2D3D11AB27DE8B100024817C;
			remoteInfo = Banky;
		};
/* End PBXContainerItemProxy section */

/* Begin PBXFileReference section */
		2D072B0A27E373E800121941 /* CurrencyFormatterTests.swift */ = {isa = PBXFileReference; lastKnownFileType = sourcecode.swift; path = CurrencyFormatterTests.swift; sourceTree = "<group>"; };
		2D072B0D27E3936100121941 /* AppTitleView.swift */ = {isa = PBXFileReference; lastKnownFileType = sourcecode.swift; path = AppTitleView.swift; sourceTree = "<group>"; };
		2D13399627E56C2500F5C0B0 /* ShakeyBellView.swift */ = {isa = PBXFileReference; lastKnownFileType = sourcecode.swift; path = ShakeyBellView.swift; sourceTree = "<group>"; };
		2D25BB6427DE8F3E00876FA3 /* LoginView.swift */ = {isa = PBXFileReference; lastKnownFileType = sourcecode.swift; path = LoginView.swift; sourceTree = "<group>"; };
		2D3D11AC27DE8B100024817C /* Banky.app */ = {isa = PBXFileReference; explicitFileType = wrapper.application; includeInIndex = 0; path = Banky.app; sourceTree = BUILT_PRODUCTS_DIR; };
		2D3D11AF27DE8B100024817C /* AppDelegate.swift */ = {isa = PBXFileReference; lastKnownFileType = sourcecode.swift; path = AppDelegate.swift; sourceTree = "<group>"; };
		2D3D11B327DE8B100024817C /* LoginViewController.swift */ = {isa = PBXFileReference; lastKnownFileType = sourcecode.swift; path = LoginViewController.swift; sourceTree = "<group>"; };
		2D3D11B827DE8B100024817C /* Assets.xcassets */ = {isa = PBXFileReference; lastKnownFileType = folder.assetcatalog; path = Assets.xcassets; sourceTree = "<group>"; };
		2D3D11BB27DE8B100024817C /* Base */ = {isa = PBXFileReference; lastKnownFileType = file.storyboard; name = Base; path = Base.lproj/LaunchScreen.storyboard; sourceTree = "<group>"; };
		2D3D11BD27DE8B100024817C /* Info.plist */ = {isa = PBXFileReference; lastKnownFileType = text.plist.xml; path = Info.plist; sourceTree = "<group>"; };
		2D43F94827DF9E05003D4C0C /* OnboardingContainerViewController.swift */ = {isa = PBXFileReference; lastKnownFileType = sourcecode.swift; path = OnboardingContainerViewController.swift; sourceTree = "<group>"; };
		2D43F94E27DFB71B003D4C0C /* OnboardingViewController.swift */ = {isa = PBXFileReference; lastKnownFileType = sourcecode.swift; path = OnboardingViewController.swift; sourceTree = "<group>"; };
		2D43F95127DFBFCC003D4C0C /* K.swift */ = {isa = PBXFileReference; lastKnownFileType = sourcecode.swift; path = K.swift; sourceTree = "<group>"; };
		2D447D4227E74F9A00571EEB /* SkeletonLoadable.swift */ = {isa = PBXFileReference; lastKnownFileType = sourcecode.swift; path = SkeletonLoadable.swift; sourceTree = "<group>"; };
		2D447D4527E751DB00571EEB /* SkeletonCell.swift */ = {isa = PBXFileReference; lastKnownFileType = sourcecode.swift; path = SkeletonCell.swift; sourceTree = "<group>"; };
		2D4911E527E4C3710093478E /* LoginButton.swift */ = {isa = PBXFileReference; lastKnownFileType = sourcecode.swift; path = LoginButton.swift; sourceTree = "<group>"; };
		2D61FA5E27E0E484006355D6 /* UIViewController + Ext.swift */ = {isa = PBXFileReference; lastKnownFileType = sourcecode.swift; path = "UIViewController + Ext.swift"; sourceTree = "<group>"; };
		2D61FA6027E0E759006355D6 /* MainViewController.swift */ = {isa = PBXFileReference; lastKnownFileType = sourcecode.swift; path = MainViewController.swift; sourceTree = "<group>"; };
		2D69037927E3A53C00F8F7E8 /* NSNotificationName.swift */ = {isa = PBXFileReference; lastKnownFileType = sourcecode.swift; path = NSNotificationName.swift; sourceTree = "<group>"; };
		2D69037B27E3ABD700F8F7E8 /* UItextfield+SecureToggle.swift */ = {isa = PBXFileReference; lastKnownFileType = sourcecode.swift; path = "UItextfield+SecureToggle.swift"; sourceTree = "<group>"; };
		2D926EAA27E254A0006090EC /* String+Ext.swift */ = {isa = PBXFileReference; lastKnownFileType = sourcecode.swift; path = "String+Ext.swift"; sourceTree = "<group>"; };
		2D926EAC27E29DD4006090EC /* Decimal+Ext.swift */ = {isa = PBXFileReference; lastKnownFileType = sourcecode.swift; path = "Decimal+Ext.swift"; sourceTree = "<group>"; };
		2D926EAE27E2A1FD006090EC /* CurrencyFormatter.swift */ = {isa = PBXFileReference; lastKnownFileType = sourcecode.swift; path = CurrencyFormatter.swift; sourceTree = "<group>"; };
		2D926EB427E2B75C006090EC /* BankyUnitTests.xctest */ = {isa = PBXFileReference; explicitFileType = wrapper.cfbundle; includeInIndex = 0; path = BankyUnitTests.xctest; sourceTree = BUILT_PRODUCTS_DIR; };
		2DAEC08F27E0FBF500C19367 /* AccountSummaryViewController.swift */ = {isa = PBXFileReference; lastKnownFileType = sourcecode.swift; path = AccountSummaryViewController.swift; sourceTree = "<group>"; };
		2DAEC09127E0FE1000C19367 /* AccountSummaryHeaderView.swift */ = {isa = PBXFileReference; lastKnownFileType = sourcecode.swift; path = AccountSummaryHeaderView.swift; sourceTree = "<group>"; };
		2DAEC09327E0FE3500C19367 /* AccountSummaryHeaderView.xib */ = {isa = PBXFileReference; lastKnownFileType = file.xib; path = AccountSummaryHeaderView.xib; sourceTree = "<group>"; };
		2DD355A127E6232A00800A8F /* Date+Ext.swift */ = {isa = PBXFileReference; lastKnownFileType = sourcecode.swift; path = "Date+Ext.swift"; sourceTree = "<group>"; };
		2DD355A327E6250E00800A8F /* AccountSummaryViewController+Networking.swift */ = {isa = PBXFileReference; lastKnownFileType = sourcecode.swift; path = "AccountSummaryViewController+Networking.swift"; sourceTree = "<group>"; };
		2DDAAC7A27E02033006639E6 /* LocalState.swift */ = {isa = PBXFileReference; lastKnownFileType = sourcecode.swift; path = LocalState.swift; sourceTree = "<group>"; };
		2DE30B4D27E6351C00F01BD1 /* AccountSummaryCell + Netowkring.swift */ = {isa = PBXFileReference; lastKnownFileType = sourcecode.swift; path = "AccountSummaryCell + Netowkring.swift"; sourceTree = "<group>"; };
		2DE30B5127E6647A00F01BD1 /* ProfileTests.swift */ = {isa = PBXFileReference; lastKnownFileType = sourcecode.swift; path = ProfileTests.swift; sourceTree = "<group>"; };
		2DE30B5527E66EA200F01BD1 /* AccountTests.swift */ = {isa = PBXFileReference; lastKnownFileType = sourcecode.swift; path = AccountTests.swift; sourceTree = "<group>"; };
		2DF1738D27E1112B0012537C /* AccountSummaryCell.swift */ = {isa = PBXFileReference; lastKnownFileType = sourcecode.swift; path = AccountSummaryCell.swift; sourceTree = "<group>"; };
/* End PBXFileReference section */

/* Begin PBXFrameworksBuildPhase section */
		2D3D11A927DE8B100024817C /* Frameworks */ = {
			isa = PBXFrameworksBuildPhase;
			buildActionMask = 2147483647;
			files = (
			);
			runOnlyForDeploymentPostprocessing = 0;
		};
		2D926EB127E2B75C006090EC /* Frameworks */ = {
			isa = PBXFrameworksBuildPhase;
			buildActionMask = 2147483647;
			files = (
			);
			runOnlyForDeploymentPostprocessing = 0;
		};
/* End PBXFrameworksBuildPhase section */

/* Begin PBXGroup section */
		2D072B0C27E3935900121941 /* View */ = {
			isa = PBXGroup;
			children = (
				2D25BB6427DE8F3E00876FA3 /* LoginView.swift */,
				2D072B0D27E3936100121941 /* AppTitleView.swift */,
				2D4911E527E4C3710093478E /* LoginButton.swift */,
			);
			path = View;
			sourceTree = "<group>";
		};
		2D13399327E56BF000F5C0B0 /* Components */ = {
			isa = PBXGroup;
			children = (
				2D13399627E56C2500F5C0B0 /* ShakeyBellView.swift */,
			);
			path = Components;
			sourceTree = "<group>";
		};
		2D25BB6027DE8EC200876FA3 /* Files */ = {
			isa = PBXGroup;
			children = (
				2D3D11B827DE8B100024817C /* Assets.xcassets */,
				2D3D11BA27DE8B100024817C /* LaunchScreen.storyboard */,
				2D3D11BD27DE8B100024817C /* Info.plist */,
			);
			name = Files;
			sourceTree = "<group>";
		};
		2D25BB6327DE8F0500876FA3 /* Login */ = {
			isa = PBXGroup;
			children = (
				2D072B0C27E3935900121941 /* View */,
				2D3D11B327DE8B100024817C /* LoginViewController.swift */,
			);
			path = Login;
			sourceTree = "<group>";
		};
		2D3D11A327DE8B100024817C = {
			isa = PBXGroup;
			children = (
				2D3D11AE27DE8B100024817C /* Banky */,
				2D926EB527E2B75C006090EC /* BankyUnitTests */,
				2D3D11AD27DE8B100024817C /* Products */,
			);
			sourceTree = "<group>";
		};
		2D3D11AD27DE8B100024817C /* Products */ = {
			isa = PBXGroup;
			children = (
				2D3D11AC27DE8B100024817C /* Banky.app */,
				2D926EB427E2B75C006090EC /* BankyUnitTests.xctest */,
			);
			name = Products;
			sourceTree = "<group>";
		};
		2D3D11AE27DE8B100024817C /* Banky */ = {
			isa = PBXGroup;
			children = (
				2D3D11AF27DE8B100024817C /* AppDelegate.swift */,
				2D61FA6027E0E759006355D6 /* MainViewController.swift */,
				2D25BB6327DE8F0500876FA3 /* Login */,
				2D43F94727DF9ACE003D4C0C /* Onboarding */,
				2DAEC08E27E0FBD900C19367 /* AccountSummary */,
				2D43F95027DFBDD3003D4C0C /* Utlis */,
				2D25BB6027DE8EC200876FA3 /* Files */,
			);
			path = Banky;
			sourceTree = "<group>";
		};
		2D43F94727DF9ACE003D4C0C /* Onboarding */ = {
			isa = PBXGroup;
			children = (
				2D43F94827DF9E05003D4C0C /* OnboardingContainerViewController.swift */,
				2D43F94E27DFB71B003D4C0C /* OnboardingViewController.swift */,
			);
			path = Onboarding;
			sourceTree = "<group>";
		};
		2D43F95027DFBDD3003D4C0C /* Utlis */ = {
			isa = PBXGroup;
			children = (
				2D926EA927E25496006090EC /* Extensions */,
				2D43F95127DFBFCC003D4C0C /* K.swift */,
				2DDAAC7A27E02033006639E6 /* LocalState.swift */,
			);
			path = Utlis;
			sourceTree = "<group>";
		};
		2D447D4427E751C300571EEB /* Skeleton */ = {
			isa = PBXGroup;
			children = (
				2D447D4227E74F9A00571EEB /* SkeletonLoadable.swift */,
				2D447D4527E751DB00571EEB /* SkeletonCell.swift */,
			);
			path = Skeleton;
			sourceTree = "<group>";
		};
		2D926EA927E25496006090EC /* Extensions */ = {
			isa = PBXGroup;
			children = (
				2D61FA5E27E0E484006355D6 /* UIViewController + Ext.swift */,
				2D926EAA27E254A0006090EC /* String+Ext.swift */,
				2D926EAC27E29DD4006090EC /* Decimal+Ext.swift */,
				2D69037B27E3ABD700F8F7E8 /* UItextfield+SecureToggle.swift */,
				2D926EAE27E2A1FD006090EC /* CurrencyFormatter.swift */,
				2D69037927E3A53C00F8F7E8 /* NSNotificationName.swift */,
				2DD355A127E6232A00800A8F /* Date+Ext.swift */,
			);
			path = Extensions;
			sourceTree = "<group>";
		};
		2D926EB527E2B75C006090EC /* BankyUnitTests */ = {
			isa = PBXGroup;
			children = (
				2DE30B5027E6644300F01BD1 /* AccountSummary */,
				2DE30B4F27E6643900F01BD1 /* Utils */,
			);
			path = BankyUnitTests;
			sourceTree = "<group>";
		};
		2DAEC08E27E0FBD900C19367 /* AccountSummary */ = {
			isa = PBXGroup;
			children = (
				2DD355A027E622BD00800A8F /* Controller */,
				2DD3559F27E622B500800A8F /* ViewModel */,
				2DF1738C27E111190012537C /* Cells */,
				2D13399327E56BF000F5C0B0 /* Components */,
				2DF1738B27E111080012537C /* Header */,
			);
			path = AccountSummary;
			sourceTree = "<group>";
		};
		2DD3559F27E622B500800A8F /* ViewModel */ = {
			isa = PBXGroup;
			children = (
			);
			path = ViewModel;
			sourceTree = "<group>";
		};
		2DD355A027E622BD00800A8F /* Controller */ = {
			isa = PBXGroup;
			children = (
				2DD355A327E6250E00800A8F /* AccountSummaryViewController+Networking.swift */,
				2DAEC08F27E0FBF500C19367 /* AccountSummaryViewController.swift */,
			);
			path = Controller;
			sourceTree = "<group>";
		};
		2DE30B4F27E6643900F01BD1 /* Utils */ = {
			isa = PBXGroup;
			children = (
				2D072B0A27E373E800121941 /* CurrencyFormatterTests.swift */,
			);
			path = Utils;
			sourceTree = "<group>";
		};
		2DE30B5027E6644300F01BD1 /* AccountSummary */ = {
			isa = PBXGroup;
			children = (
				2DE30B5127E6647A00F01BD1 /* ProfileTests.swift */,
				2DE30B5527E66EA200F01BD1 /* AccountTests.swift */,
			);
			path = AccountSummary;
			sourceTree = "<group>";
		};
		2DF1738B27E111080012537C /* Header */ = {
			isa = PBXGroup;
			children = (
				2DAEC09127E0FE1000C19367 /* AccountSummaryHeaderView.swift */,
				2DAEC09327E0FE3500C19367 /* AccountSummaryHeaderView.xib */,
			);
			path = Header;
			sourceTree = "<group>";
		};
		2DF1738C27E111190012537C /* Cells */ = {
			isa = PBXGroup;
			children = (
				2D447D4427E751C300571EEB /* Skeleton */,
				2DF1738D27E1112B0012537C /* AccountSummaryCell.swift */,
				2DE30B4D27E6351C00F01BD1 /* AccountSummaryCell + Netowkring.swift */,
			);
			path = Cells;
			sourceTree = "<group>";
		};
/* End PBXGroup section */

/* Begin PBXNativeTarget section */
		2D3D11AB27DE8B100024817C /* Banky */ = {
			isa = PBXNativeTarget;
			buildConfigurationList = 2D3D11C027DE8B100024817C /* Build configuration list for PBXNativeTarget "Banky" */;
			buildPhases = (
				2D3D11A827DE8B100024817C /* Sources */,
				2D3D11A927DE8B100024817C /* Frameworks */,
				2D3D11AA27DE8B100024817C /* Resources */,
			);
			buildRules = (
			);
			dependencies = (
			);
			name = Banky;
			productName = Banky;
			productReference = 2D3D11AC27DE8B100024817C /* Banky.app */;
			productType = "com.apple.product-type.application";
		};
		2D926EB327E2B75C006090EC /* BankyUnitTests */ = {
			isa = PBXNativeTarget;
			buildConfigurationList = 2D926EBA27E2B75C006090EC /* Build configuration list for PBXNativeTarget "BankyUnitTests" */;
			buildPhases = (
				2D926EB027E2B75C006090EC /* Sources */,
				2D926EB127E2B75C006090EC /* Frameworks */,
				2D926EB227E2B75C006090EC /* Resources */,
			);
			buildRules = (
			);
			dependencies = (
				2D926EB927E2B75C006090EC /* PBXTargetDependency */,
			);
			name = BankyUnitTests;
			productName = BankyUnitTests;
			productReference = 2D926EB427E2B75C006090EC /* BankyUnitTests.xctest */;
			productType = "com.apple.product-type.bundle.unit-test";
		};
/* End PBXNativeTarget section */

/* Begin PBXProject section */
		2D3D11A427DE8B100024817C /* Project object */ = {
			isa = PBXProject;
			attributes = {
				BuildIndependentTargetsInParallel = 1;
				LastSwiftUpdateCheck = 1320;
				LastUpgradeCheck = 1320;
				TargetAttributes = {
					2D3D11AB27DE8B100024817C = {
						CreatedOnToolsVersion = 13.2.1;
					};
					2D926EB327E2B75C006090EC = {
						CreatedOnToolsVersion = 13.2.1;
						LastSwiftMigration = 1320;
						TestTargetID = 2D3D11AB27DE8B100024817C;
					};
				};
			};
			buildConfigurationList = 2D3D11A727DE8B100024817C /* Build configuration list for PBXProject "Banky" */;
			compatibilityVersion = "Xcode 13.0";
			developmentRegion = en;
			hasScannedForEncodings = 0;
			knownRegions = (
				en,
				Base,
			);
			mainGroup = 2D3D11A327DE8B100024817C;
			productRefGroup = 2D3D11AD27DE8B100024817C /* Products */;
			projectDirPath = "";
			projectRoot = "";
			targets = (
				2D3D11AB27DE8B100024817C /* Banky */,
				2D926EB327E2B75C006090EC /* BankyUnitTests */,
			);
		};
/* End PBXProject section */

/* Begin PBXResourcesBuildPhase section */
		2D3D11AA27DE8B100024817C /* Resources */ = {
			isa = PBXResourcesBuildPhase;
			buildActionMask = 2147483647;
			files = (
				2DAEC09427E0FE3500C19367 /* AccountSummaryHeaderView.xib in Resources */,
				2D3D11BC27DE8B100024817C /* LaunchScreen.storyboard in Resources */,
				2D3D11B927DE8B100024817C /* Assets.xcassets in Resources */,
			);
			runOnlyForDeploymentPostprocessing = 0;
		};
		2D926EB227E2B75C006090EC /* Resources */ = {
			isa = PBXResourcesBuildPhase;
			buildActionMask = 2147483647;
			files = (
			);
			runOnlyForDeploymentPostprocessing = 0;
		};
/* End PBXResourcesBuildPhase section */

/* Begin PBXSourcesBuildPhase section */
		2D3D11A827DE8B100024817C /* Sources */ = {
			isa = PBXSourcesBuildPhase;
			buildActionMask = 2147483647;
			files = (
				2D4911E627E4C3710093478E /* LoginButton.swift in Sources */,
				2D072B0E27E3936100121941 /* AppTitleView.swift in Sources */,
				2D447D4327E74F9A00571EEB /* SkeletonLoadable.swift in Sources */,
				2DAEC09227E0FE1000C19367 /* AccountSummaryHeaderView.swift in Sources */,
				2D926EAF27E2A1FD006090EC /* CurrencyFormatter.swift in Sources */,
				2D447D4627E751DB00571EEB /* SkeletonCell.swift in Sources */,
				2DF1738E27E1112B0012537C /* AccountSummaryCell.swift in Sources */,
				2D25BB6527DE8F3E00876FA3 /* LoginView.swift in Sources */,
				2D3D11B427DE8B100024817C /* LoginViewController.swift in Sources */,
				2D61FA5F27E0E484006355D6 /* UIViewController + Ext.swift in Sources */,
				2DE30B4E27E6351C00F01BD1 /* AccountSummaryCell + Netowkring.swift in Sources */,
				2D43F94F27DFB71B003D4C0C /* OnboardingViewController.swift in Sources */,
				2D3D11B027DE8B100024817C /* AppDelegate.swift in Sources */,
				2D926EAB27E254A0006090EC /* String+Ext.swift in Sources */,
				2D69037C27E3ABD700F8F7E8 /* UItextfield+SecureToggle.swift in Sources */,
				2DD355A227E6232A00800A8F /* Date+Ext.swift in Sources */,
				2D43F94927DF9E05003D4C0C /* OnboardingContainerViewController.swift in Sources */,
				2DAEC09027E0FBF500C19367 /* AccountSummaryViewController.swift in Sources */,
				2D43F95227DFBFCC003D4C0C /* K.swift in Sources */,
				2D69037A27E3A53C00F8F7E8 /* NSNotificationName.swift in Sources */,
				2DD355A427E6250E00800A8F /* AccountSummaryViewController+Networking.swift in Sources */,
				2DDAAC7B27E02033006639E6 /* LocalState.swift in Sources */,
				2D61FA6127E0E759006355D6 /* MainViewController.swift in Sources */,
				2D13399727E56C2500F5C0B0 /* ShakeyBellView.swift in Sources */,
				2D926EAD27E29DD4006090EC /* Decimal+Ext.swift in Sources */,
			);
			runOnlyForDeploymentPostprocessing = 0;
		};
		2D926EB027E2B75C006090EC /* Sources */ = {
			isa = PBXSourcesBuildPhase;
			buildActionMask = 2147483647;
			files = (
				2D072B0B27E373E800121941 /* CurrencyFormatterTests.swift in Sources */,
				2DE30B5627E66EA200F01BD1 /* AccountTests.swift in Sources */,
				2DE30B5227E6647A00F01BD1 /* ProfileTests.swift in Sources */,
			);
			runOnlyForDeploymentPostprocessing = 0;
		};
/* End PBXSourcesBuildPhase section */

/* Begin PBXTargetDependency section */
		2D926EB927E2B75C006090EC /* PBXTargetDependency */ = {
			isa = PBXTargetDependency;
			target = 2D3D11AB27DE8B100024817C /* Banky */;
			targetProxy = 2D926EB827E2B75C006090EC /* PBXContainerItemProxy */;
		};
/* End PBXTargetDependency section */

/* Begin PBXVariantGroup section */
		2D3D11BA27DE8B100024817C /* LaunchScreen.storyboard */ = {
			isa = PBXVariantGroup;
			children = (
				2D3D11BB27DE8B100024817C /* Base */,
			);
			name = LaunchScreen.storyboard;
			sourceTree = "<group>";
		};
/* End PBXVariantGroup section */

/* Begin XCBuildConfiguration section */
		2D3D11BE27DE8B100024817C /* Debug */ = {
			isa = XCBuildConfiguration;
			buildSettings = {
				ALWAYS_SEARCH_USER_PATHS = NO;
				CLANG_ANALYZER_NONNULL = YES;
				CLANG_ANALYZER_NUMBER_OBJECT_CONVERSION = YES_AGGRESSIVE;
				CLANG_CXX_LANGUAGE_STANDARD = "gnu++17";
				CLANG_CXX_LIBRARY = "libc++";
				CLANG_ENABLE_MODULES = YES;
				CLANG_ENABLE_OBJC_ARC = YES;
				CLANG_ENABLE_OBJC_WEAK = YES;
				CLANG_WARN_BLOCK_CAPTURE_AUTORELEASING = YES;
				CLANG_WARN_BOOL_CONVERSION = YES;
				CLANG_WARN_COMMA = YES;
				CLANG_WARN_CONSTANT_CONVERSION = YES;
				CLANG_WARN_DEPRECATED_OBJC_IMPLEMENTATIONS = YES;
				CLANG_WARN_DIRECT_OBJC_ISA_USAGE = YES_ERROR;
				CLANG_WARN_DOCUMENTATION_COMMENTS = YES;
				CLANG_WARN_EMPTY_BODY = YES;
				CLANG_WARN_ENUM_CONVERSION = YES;
				CLANG_WARN_INFINITE_RECURSION = YES;
				CLANG_WARN_INT_CONVERSION = YES;
				CLANG_WARN_NON_LITERAL_NULL_CONVERSION = YES;
				CLANG_WARN_OBJC_IMPLICIT_RETAIN_SELF = YES;
				CLANG_WARN_OBJC_LITERAL_CONVERSION = YES;
				CLANG_WARN_OBJC_ROOT_CLASS = YES_ERROR;
				CLANG_WARN_QUOTED_INCLUDE_IN_FRAMEWORK_HEADER = YES;
				CLANG_WARN_RANGE_LOOP_ANALYSIS = YES;
				CLANG_WARN_STRICT_PROTOTYPES = YES;
				CLANG_WARN_SUSPICIOUS_MOVE = YES;
				CLANG_WARN_UNGUARDED_AVAILABILITY = YES_AGGRESSIVE;
				CLANG_WARN_UNREACHABLE_CODE = YES;
				CLANG_WARN__DUPLICATE_METHOD_MATCH = YES;
				COPY_PHASE_STRIP = NO;
				DEBUG_INFORMATION_FORMAT = dwarf;
				ENABLE_STRICT_OBJC_MSGSEND = YES;
				ENABLE_TESTABILITY = YES;
				GCC_C_LANGUAGE_STANDARD = gnu11;
				GCC_DYNAMIC_NO_PIC = NO;
				GCC_NO_COMMON_BLOCKS = YES;
				GCC_OPTIMIZATION_LEVEL = 0;
				GCC_PREPROCESSOR_DEFINITIONS = (
					"DEBUG=1",
					"$(inherited)",
				);
				GCC_WARN_64_TO_32_BIT_CONVERSION = YES;
				GCC_WARN_ABOUT_RETURN_TYPE = YES_ERROR;
				GCC_WARN_UNDECLARED_SELECTOR = YES;
				GCC_WARN_UNINITIALIZED_AUTOS = YES_AGGRESSIVE;
				GCC_WARN_UNUSED_FUNCTION = YES;
				GCC_WARN_UNUSED_VARIABLE = YES;
				IPHONEOS_DEPLOYMENT_TARGET = 15.2;
				MTL_ENABLE_DEBUG_INFO = INCLUDE_SOURCE;
				MTL_FAST_MATH = YES;
				ONLY_ACTIVE_ARCH = YES;
				SDKROOT = iphoneos;
				SWIFT_ACTIVE_COMPILATION_CONDITIONS = DEBUG;
				SWIFT_OPTIMIZATION_LEVEL = "-Onone";
			};
			name = Debug;
		};
		2D3D11BF27DE8B100024817C /* Release */ = {
			isa = XCBuildConfiguration;
			buildSettings = {
				ALWAYS_SEARCH_USER_PATHS = NO;
				CLANG_ANALYZER_NONNULL = YES;
				CLANG_ANALYZER_NUMBER_OBJECT_CONVERSION = YES_AGGRESSIVE;
				CLANG_CXX_LANGUAGE_STANDARD = "gnu++17";
				CLANG_CXX_LIBRARY = "libc++";
				CLANG_ENABLE_MODULES = YES;
				CLANG_ENABLE_OBJC_ARC = YES;
				CLANG_ENABLE_OBJC_WEAK = YES;
				CLANG_WARN_BLOCK_CAPTURE_AUTORELEASING = YES;
				CLANG_WARN_BOOL_CONVERSION = YES;
				CLANG_WARN_COMMA = YES;
				CLANG_WARN_CONSTANT_CONVERSION = YES;
				CLANG_WARN_DEPRECATED_OBJC_IMPLEMENTATIONS = YES;
				CLANG_WARN_DIRECT_OBJC_ISA_USAGE = YES_ERROR;
				CLANG_WARN_DOCUMENTATION_COMMENTS = YES;
				CLANG_WARN_EMPTY_BODY = YES;
				CLANG_WARN_ENUM_CONVERSION = YES;
				CLANG_WARN_INFINITE_RECURSION = YES;
				CLANG_WARN_INT_CONVERSION = YES;
				CLANG_WARN_NON_LITERAL_NULL_CONVERSION = YES;
				CLANG_WARN_OBJC_IMPLICIT_RETAIN_SELF = YES;
				CLANG_WARN_OBJC_LITERAL_CONVERSION = YES;
				CLANG_WARN_OBJC_ROOT_CLASS = YES_ERROR;
				CLANG_WARN_QUOTED_INCLUDE_IN_FRAMEWORK_HEADER = YES;
				CLANG_WARN_RANGE_LOOP_ANALYSIS = YES;
				CLANG_WARN_STRICT_PROTOTYPES = YES;
				CLANG_WARN_SUSPICIOUS_MOVE = YES;
				CLANG_WARN_UNGUARDED_AVAILABILITY = YES_AGGRESSIVE;
				CLANG_WARN_UNREACHABLE_CODE = YES;
				CLANG_WARN__DUPLICATE_METHOD_MATCH = YES;
				COPY_PHASE_STRIP = NO;
				DEBUG_INFORMATION_FORMAT = "dwarf-with-dsym";
				ENABLE_NS_ASSERTIONS = NO;
				ENABLE_STRICT_OBJC_MSGSEND = YES;
				GCC_C_LANGUAGE_STANDARD = gnu11;
				GCC_NO_COMMON_BLOCKS = YES;
				GCC_WARN_64_TO_32_BIT_CONVERSION = YES;
				GCC_WARN_ABOUT_RETURN_TYPE = YES_ERROR;
				GCC_WARN_UNDECLARED_SELECTOR = YES;
				GCC_WARN_UNINITIALIZED_AUTOS = YES_AGGRESSIVE;
				GCC_WARN_UNUSED_FUNCTION = YES;
				GCC_WARN_UNUSED_VARIABLE = YES;
				IPHONEOS_DEPLOYMENT_TARGET = 15.2;
				MTL_ENABLE_DEBUG_INFO = NO;
				MTL_FAST_MATH = YES;
				SDKROOT = iphoneos;
				SWIFT_COMPILATION_MODE = wholemodule;
				SWIFT_OPTIMIZATION_LEVEL = "-O";
				VALIDATE_PRODUCT = YES;
			};
			name = Release;
		};
		2D3D11C127DE8B100024817C /* Debug */ = {
			isa = XCBuildConfiguration;
			buildSettings = {
				ASSETCATALOG_COMPILER_APPICON_NAME = AppIcon;
				ASSETCATALOG_COMPILER_GLOBAL_ACCENT_COLOR_NAME = AccentColor;
				CODE_SIGN_STYLE = Automatic;
				CURRENT_PROJECT_VERSION = 1;
				DEVELOPMENT_TEAM = 7492XNM62P;
				GENERATE_INFOPLIST_FILE = YES;
				INFOPLIST_FILE = Banky/Info.plist;
				INFOPLIST_KEY_UIApplicationSupportsIndirectInputEvents = YES;
				INFOPLIST_KEY_UILaunchStoryboardName = LaunchScreen;
				INFOPLIST_KEY_UISupportedInterfaceOrientations_iPad = "UIInterfaceOrientationPortrait UIInterfaceOrientationPortraitUpsideDown UIInterfaceOrientationLandscapeLeft UIInterfaceOrientationLandscapeRight";
				INFOPLIST_KEY_UISupportedInterfaceOrientations_iPhone = "UIInterfaceOrientationPortrait UIInterfaceOrientationLandscapeLeft UIInterfaceOrientationLandscapeRight";
				IPHONEOS_DEPLOYMENT_TARGET = 15.0;
				LD_RUNPATH_SEARCH_PATHS = (
					"$(inherited)",
					"@executable_path/Frameworks",
				);
				MARKETING_VERSION = 1.0;
				PRODUCT_BUNDLE_IDENTIFIER = com.atabany.Banky;
				PRODUCT_NAME = "$(TARGET_NAME)";
				SWIFT_EMIT_LOC_STRINGS = YES;
				SWIFT_VERSION = 5.0;
				TARGETED_DEVICE_FAMILY = "1,2";
			};
			name = Debug;
		};
		2D3D11C227DE8B100024817C /* Release */ = {
			isa = XCBuildConfiguration;
			buildSettings = {
				ASSETCATALOG_COMPILER_APPICON_NAME = AppIcon;
				ASSETCATALOG_COMPILER_GLOBAL_ACCENT_COLOR_NAME = AccentColor;
				CODE_SIGN_STYLE = Automatic;
				CURRENT_PROJECT_VERSION = 1;
				DEVELOPMENT_TEAM = 7492XNM62P;
				GENERATE_INFOPLIST_FILE = YES;
				INFOPLIST_FILE = Banky/Info.plist;
				INFOPLIST_KEY_UIApplicationSupportsIndirectInputEvents = YES;
				INFOPLIST_KEY_UILaunchStoryboardName = LaunchScreen;
				INFOPLIST_KEY_UISupportedInterfaceOrientations_iPad = "UIInterfaceOrientationPortrait UIInterfaceOrientationPortraitUpsideDown UIInterfaceOrientationLandscapeLeft UIInterfaceOrientationLandscapeRight";
				INFOPLIST_KEY_UISupportedInterfaceOrientations_iPhone = "UIInterfaceOrientationPortrait UIInterfaceOrientationLandscapeLeft UIInterfaceOrientationLandscapeRight";
				IPHONEOS_DEPLOYMENT_TARGET = 15.0;
				LD_RUNPATH_SEARCH_PATHS = (
					"$(inherited)",
					"@executable_path/Frameworks",
				);
				MARKETING_VERSION = 1.0;
				PRODUCT_BUNDLE_IDENTIFIER = com.atabany.Banky;
				PRODUCT_NAME = "$(TARGET_NAME)";
				SWIFT_EMIT_LOC_STRINGS = YES;
				SWIFT_VERSION = 5.0;
				TARGETED_DEVICE_FAMILY = "1,2";
			};
			name = Release;
		};
		2D926EBB27E2B75C006090EC /* Debug */ = {
			isa = XCBuildConfiguration;
			buildSettings = {
				BUNDLE_LOADER = "$(TEST_HOST)";
				CLANG_ENABLE_MODULES = YES;
				CODE_SIGN_STYLE = Automatic;
				CURRENT_PROJECT_VERSION = 1;
				DEVELOPMENT_TEAM = 7492XNM62P;
				GENERATE_INFOPLIST_FILE = YES;
				LD_RUNPATH_SEARCH_PATHS = (
					"$(inherited)",
					"@executable_path/Frameworks",
					"@loader_path/Frameworks",
				);
				MARKETING_VERSION = 1.0;
				PRODUCT_BUNDLE_IDENTIFIER = com.atabany.BankyUnitTests;
				PRODUCT_NAME = "$(TARGET_NAME)";
				SWIFT_EMIT_LOC_STRINGS = NO;
				SWIFT_OBJC_BRIDGING_HEADER = "";
				SWIFT_OPTIMIZATION_LEVEL = "-Onone";
				SWIFT_VERSION = 5.0;
				TARGETED_DEVICE_FAMILY = "1,2";
				TEST_HOST = "$(BUILT_PRODUCTS_DIR)/Banky.app/Banky";
			};
			name = Debug;
		};
		2D926EBC27E2B75C006090EC /* Release */ = {
			isa = XCBuildConfiguration;
			buildSettings = {
				BUNDLE_LOADER = "$(TEST_HOST)";
				CLANG_ENABLE_MODULES = YES;
				CODE_SIGN_STYLE = Automatic;
				CURRENT_PROJECT_VERSION = 1;
				DEVELOPMENT_TEAM = 7492XNM62P;
				GENERATE_INFOPLIST_FILE = YES;
				LD_RUNPATH_SEARCH_PATHS = (
					"$(inherited)",
					"@executable_path/Frameworks",
					"@loader_path/Frameworks",
				);
				MARKETING_VERSION = 1.0;
				PRODUCT_BUNDLE_IDENTIFIER = com.atabany.BankyUnitTests;
				PRODUCT_NAME = "$(TARGET_NAME)";
				SWIFT_EMIT_LOC_STRINGS = NO;
				SWIFT_OBJC_BRIDGING_HEADER = "";
				SWIFT_VERSION = 5.0;
				TARGETED_DEVICE_FAMILY = "1,2";
				TEST_HOST = "$(BUILT_PRODUCTS_DIR)/Banky.app/Banky";
			};
			name = Release;
		};
/* End XCBuildConfiguration section */

/* Begin XCConfigurationList section */
		2D3D11A727DE8B100024817C /* Build configuration list for PBXProject "Banky" */ = {
			isa = XCConfigurationList;
			buildConfigurations = (
				2D3D11BE27DE8B100024817C /* Debug */,
				2D3D11BF27DE8B100024817C /* Release */,
			);
			defaultConfigurationIsVisible = 0;
			defaultConfigurationName = Release;
		};
		2D3D11C027DE8B100024817C /* Build configuration list for PBXNativeTarget "Banky" */ = {
			isa = XCConfigurationList;
			buildConfigurations = (
				2D3D11C127DE8B100024817C /* Debug */,
				2D3D11C227DE8B100024817C /* Release */,
			);
			defaultConfigurationIsVisible = 0;
			defaultConfigurationName = Release;
		};
		2D926EBA27E2B75C006090EC /* Build configuration list for PBXNativeTarget "BankyUnitTests" */ = {
			isa = XCConfigurationList;
			buildConfigurations = (
				2D926EBB27E2B75C006090EC /* Debug */,
				2D926EBC27E2B75C006090EC /* Release */,
			);
			defaultConfigurationIsVisible = 0;
			defaultConfigurationName = Release;
		};
/* End XCConfigurationList section */
	};
	rootObject = 2D3D11A427DE8B100024817C /* Project object */;
}
